
Microsoft Visual Studio Solution File, Format Version 12.00
# Visual Studio Version 17
VisualStudioVersion = 17.6.33723.286
MinimumVisualStudioVersion = 10.0.40219.1
Project("{FAE04EC0-301F-11D3-BF4B-00C04F79EFBC}") = "ConsoleApp3", "ConsoleApp3\ConsoleApp3.csproj", "{C6FBC82D-A6D5-4383-91A2-00E3160B151F}"
EndProject
Global
	GlobalSection(SolutionConfigurationPlatforms) = preSolution
		Debug|Any CPU = Debug|Any CPU
		Release|Any CPU = Release|Any CPU
	EndGlobalSection
	GlobalSection(ProjectConfigurationPlatforms) = postSolution
		{C6FBC82D-A6D5-4383-91A2-00E3160B151F}.Debug|Any CPU.ActiveCfg = Debug|Any CPU
		{C6FBC82D-A6D5-4383-91A2-00E3160B151F}.Debug|Any CPU.Build.0 = Debug|Any CPU
		{C6FBC82D-A6D5-4383-91A2-00E3160B151F}.Release|Any CPU.ActiveCfg = Release|Any CPU
		{C6FBC82D-A6D5-4383-91A2-00E3160B151F}.Release|Any CPU.Build.0 = Release|Any CPU
	EndGlobalSection
	GlobalSection(SolutionProperties) = preSolution
		HideSolutionNode = FALSE
	EndGlobalSection
	GlobalSection(ExtensibilityGlobals) = postSolution
		SolutionGuid = {F298AC3B-A8E0-46EC-9352-23646267EBB5}
	EndGlobalSection
EndGlobal
